
Microsoft Visual Studio Solution File, Format Version 12.00
# Visual Studio Version 17
VisualStudioVersion = 17.7.34009.444
MinimumVisualStudioVersion = 10.0.40219.1
Project("{9A19103F-16F7-4668-BE54-9A1E7A4F7556}") = "ElasticFrontend", "ElasticFrontend\ElasticFrontend.csproj", "{A654EBA3-FA85-4F5C-8042-0C0693F2D8D7}"
EndProject
Project("{FAE04EC0-301F-11D3-BF4B-00C04F79EFBC}") = "ElasticFrontend.Test", "ElasticFrontend.Test\ElasticFrontend.Test.csproj", "{B5B8DAD9-6D98-4AAB-9E75-F2E41841D690}"
EndProject
Global
	GlobalSection(SolutionConfigurationPlatforms) = preSolution
		Debug|Any CPU = Debug|Any CPU
		Release|Any CPU = Release|Any CPU
	EndGlobalSection
	GlobalSection(ProjectConfigurationPlatforms) = postSolution
		{A654EBA3-FA85-4F5C-8042-0C0693F2D8D7}.Debug|Any CPU.ActiveCfg = Debug|Any CPU
		{A654EBA3-FA85-4F5C-8042-0C0693F2D8D7}.Debug|Any CPU.Build.0 = Debug|Any CPU
		{A654EBA3-FA85-4F5C-8042-0C0693F2D8D7}.Release|Any CPU.ActiveCfg = Release|Any CPU
		{A654EBA3-FA85-4F5C-8042-0C0693F2D8D7}.Release|Any CPU.Build.0 = Release|Any CPU
		{B5B8DAD9-6D98-4AAB-9E75-F2E41841D690}.Debug|Any CPU.ActiveCfg = Debug|Any CPU
		{B5B8DAD9-6D98-4AAB-9E75-F2E41841D690}.Debug|Any CPU.Build.0 = Debug|Any CPU
		{B5B8DAD9-6D98-4AAB-9E75-F2E41841D690}.Release|Any CPU.ActiveCfg = Release|Any CPU
		{B5B8DAD9-6D98-4AAB-9E75-F2E41841D690}.Release|Any CPU.Build.0 = Release|Any CPU
	EndGlobalSection
	GlobalSection(SolutionProperties) = preSolution
		HideSolutionNode = FALSE
	EndGlobalSection
	GlobalSection(ExtensibilityGlobals) = postSolution
		SolutionGuid = {637EFF06-8879-4006-8349-CCC0FDB43522}
	EndGlobalSection
EndGlobal
